PODS:
  - ACFloatingTextfield-Swift (1.7)
  - Alamofire (4.7.2)
  - ESPullToRefresh (2.7)
  - EZSwiftExtensions (1.11)
  - IBAnimatable (5.0.0)
  - ISMessages (1.2)
  - NVActivityIndicatorView (4.2.0):
    - NVActivityIndicatorView/Presenter (= 4.2.0)
  - NVActivityIndicatorView/Presenter (4.2.0)
  - R.swift (4.0.0):
    - R.swift.Library (~> 4.0.0)
  - R.swift.Library (4.0.0)
  - SDWebImage (4.3.3):
    - SDWebImage/Core (= 4.3.3)
  - SDWebImage/Core (4.3.3)
  - SwiftyJSON (4.1.0)

DEPENDENCIES:
  - ACFloatingTextfield-Swift
  - Alamofire
  - ESPullToRefresh
  - EZSwiftExtensions
  - IBAnimatable
  - ISMessages
  - NVActivityIndicatorView
  - R.swift
  - SDWebImage
  - SwiftyJSON

SPEC REPOS:
  https://github.com/CocoaPods/Specs.git:
    - ACFloatingTextfield-Swift
    - Alamofire
    - ESPullToRefresh
    - EZSwiftExtensions
    - IBAnimatable
    - ISMessages
    - NVActivityIndicatorView
    - R.swift
    - R.swift.Library
    - SDWebImage
    - SwiftyJSON

SPEC CHECKSUMS:
  ACFloatingTextfield-Swift: df075d5ed5d441d8603f985fc106ec7ebe0c673f
  Alamofire: e4fa87002c137ba2d8d634d2c51fabcda0d5c223
  ESPullToRefresh: 119e2710b82b75536aab2bbe4883ba119fca35c8
  EZSwiftExtensions: 84000042202d9fd574f626cda3064143f27fa767
  IBAnimatable: aa2286a9cf8fb4ae2e1be85c5287ae56143b024f
  ISMessages: d39098b48672813d69d30f44da06260b9920fed4
  NVActivityIndicatorView: 75c9634073e03b31d7e2748cd2417feab1206195
  R.swift: d6a5ec2f55a8441dc0ed9f1f8b37d7d11ae85c66
  R.swift.Library: c3af34921024333546e23b70e70d0b4e0cffca75
  SDWebImage: de4d90b5bff3571eae7bd16202b1f43135409fa5
  SwiftyJSON: c29297daf073d2aa016295d5809cdd68045c39b3

PODFILE CHECKSUM: 78d68fa68379452a4dbe2ae82bbe9e573b79d68a

COCOAPODS: 1.5.0
